
Microsoft Visual Studio Solution File, Format Version 12.00
# Visual Studio Version 16
VisualStudioVersion = 16.0.29001.49
MinimumVisualStudioVersion = 10.0.40219.1
Project("{888888A0-9F3D-457C-B088-3A5042F75D52}") = "California housing", "California housing\California housing.pyproj", "{A2963E94-C19F-4BD9-ADA8-134E9950DFE2}"
EndProject
Global
	GlobalSection(SolutionConfigurationPlatforms) = preSolution
		Debug|Any CPU = Debug|Any CPU
		Release|Any CPU = Release|Any CPU
	EndGlobalSection
	GlobalSection(ProjectConfigurationPlatforms) = postSolution
		{A2963E94-C19F-4BD9-ADA8-134E9950DFE2}.Debug|Any CPU.ActiveCfg = Debug|Any CPU
		{A2963E94-C19F-4BD9-ADA8-134E9950DFE2}.Release|Any CPU.ActiveCfg = Release|Any CPU
	EndGlobalSection
	GlobalSection(SolutionProperties) = preSolution
		HideSolutionNode = FALSE
	EndGlobalSection
	GlobalSection(ExtensibilityGlobals) = postSolution
		SolutionGuid = {AACF873E-3855-4A66-A3B6-896BEC547312}
	EndGlobalSection
EndGlobal
